{
  "name": "practical-messaging-02-failing-well",
  "version": "1.0.0",
  "lockfileVersion": 3,
  "requires": true,
  "packages": {
    "": {
      "name": "practical-messaging-02-failing-well",
      "version": "1.0.0",
      "dependencies": {
        "amqplib": "2.0.1"
      },
      "engines": {
        "node": ">=20"
      }
    },
    "node_modules/amqplib": {
      "version": "2.0.1",
      "resolved": "https://registry.npmjs.org/amqplib/-/amqplib-2.0.1.tgz",
      "integrity": "sha512-a3P2MgfCf9nzVis12VxWEn0dS6hcqve7dlEAhXDtIWR27BlhtMkILOc+H9aeHjDi6i6r94dYKc2Kx2OFe3avvg==",
      "license": "MIT",
      "engines": {
        "node": ">=18"
      }
    }
  }
}
